// !$*UTF8*$!
{
	archiveVersion = 1;
	classes = {
	};
	objectVersion = 50;
	objects = {

/* Begin PBXBuildFile section */
		11183D1F224AC3C200C7B4AC /* UILabel+Convenience.swift in Sources */ = {isa = PBXBuildFile; fileRef = 11183D1E224AC3C200C7B4AC /* UILabel+Convenience.swift */; };
		112120B7220C844D006347AB /* Survey.swift in Sources */ = {isa = PBXBuildFile; fileRef = 112120B6220C844D006347AB /* Survey.swift */; };
		112120BB220C8CEC006347AB /* SurveyTableViewFooter.swift in Sources */ = {isa = PBXBuildFile; fileRef = 112120BA220C8CEC006347AB /* SurveyTableViewFooter.swift */; };
		112120BD220C8CFD006347AB /* SurveyTableViewFooter.xib in Resources */ = {isa = PBXBuildFile; fileRef = 112120BC220C8CFD006347AB /* SurveyTableViewFooter.xib */; };
		114A248D21F7C92B00731F60 /* AppDelegate.swift in Sources */ = {isa = PBXBuildFile; fileRef = 114A248C21F7C92B00731F60 /* AppDelegate.swift */; };
		114A248F21F7C92B00731F60 /* ViewController.swift in Sources */ = {isa = PBXBuildFile; fileRef = 114A248E21F7C92B00731F60 /* ViewController.swift */; };
		114A249221F7C92B00731F60 /* Main.storyboard in Resources */ = {isa = PBXBuildFile; fileRef = 114A249021F7C92B00731F60 /* Main.storyboard */; };
		114A249521F7C92B00731F60 /* How_Are_You_.xcdatamodeld in Sources */ = {isa = PBXBuildFile; fileRef = 114A249321F7C92B00731F60 /* How_Are_You_.xcdatamodeld */; };
		114A249721F7C92B00731F60 /* Assets.xcassets in Resources */ = {isa = PBXBuildFile; fileRef = 114A249621F7C92B00731F60 /* Assets.xcassets */; };
		114A249A21F7C92B00731F60 /* LaunchScreen.storyboard in Resources */ = {isa = PBXBuildFile; fileRef = 114A249821F7C92B00731F60 /* LaunchScreen.storyboard */; };
		114A24A921FCFEDC00731F60 /* Security.storyboard in Resources */ = {isa = PBXBuildFile; fileRef = 114A24A821FCFEDC00731F60 /* Security.storyboard */; };
		11736C9F221B86C7006C04D6 /* UIViewController+Convenience.swift in Sources */ = {isa = PBXBuildFile; fileRef = 11736C9E221B86C7006C04D6 /* UIViewController+Convenience.swift */; };
		11993C6D224160D30063EF31 /* GraphPointMarkerView.swift in Sources */ = {isa = PBXBuildFile; fileRef = 11993C6C224160D30063EF31 /* GraphPointMarkerView.swift */; };
		11993C6F224163BE0063EF31 /* GraphValueFormatter.swift in Sources */ = {isa = PBXBuildFile; fileRef = 11993C6E224163BE0063EF31 /* GraphValueFormatter.swift */; };
		11993C72224182600063EF31 /* GraphPointMarkerView.xib in Resources */ = {isa = PBXBuildFile; fileRef = 11993C71224182600063EF31 /* GraphPointMarkerView.xib */; };
		11993C74224189540063EF31 /* CustomGraphDataPoint.swift in Sources */ = {isa = PBXBuildFile; fileRef = 11993C73224189530063EF31 /* CustomGraphDataPoint.swift */; };
		1199D6DB21FD61CE00F716D7 /* UIView+Convenience.swift in Sources */ = {isa = PBXBuildFile; fileRef = 1199D6DA21FD61CE00F716D7 /* UIView+Convenience.swift */; };
		1199D6DD21FD625400F716D7 /* Constants.swift in Sources */ = {isa = PBXBuildFile; fileRef = 1199D6DC21FD625400F716D7 /* Constants.swift */; };
		1199D6DF21FD71EB00F716D7 /* HAYTabBarController.swift in Sources */ = {isa = PBXBuildFile; fileRef = 1199D6DE21FD71EB00F716D7 /* HAYTabBarController.swift */; };
		1199D6E121FD725400F716D7 /* GraphViewController.swift in Sources */ = {isa = PBXBuildFile; fileRef = 1199D6E021FD725400F716D7 /* GraphViewController.swift */; };
		1199D6E321FD726000F716D7 /* MoreResourcesViewController.swift in Sources */ = {isa = PBXBuildFile; fileRef = 1199D6E221FD726000F716D7 /* MoreResourcesViewController.swift */; };
		1199D6E521FD726A00F716D7 /* SurveyViewController.swift in Sources */ = {isa = PBXBuildFile; fileRef = 1199D6E421FD726A00F716D7 /* SurveyViewController.swift */; };
		1199D6EC220108A400F716D7 /* SurveyTableViewCell.swift in Sources */ = {isa = PBXBuildFile; fileRef = 1199D6EA220108A400F716D7 /* SurveyTableViewCell.swift */; };
		1199D6ED220108A400F716D7 /* SurveyTableViewCell.xib in Resources */ = {isa = PBXBuildFile; fileRef = 1199D6EB220108A400F716D7 /* SurveyTableViewCell.xib */; };
		11CB26F7222FAAD400093625 /* FrontendGraphDataPoint.swift in Sources */ = {isa = PBXBuildFile; fileRef = 11CB26F6222FAAD400093625 /* FrontendGraphDataPoint.swift */; };
		11D94AEE21FD5E47005CB508 /* DisclaimerViewController.swift in Sources */ = {isa = PBXBuildFile; fileRef = 11D94AED21FD5E47005CB508 /* DisclaimerViewController.swift */; };
		1D2A065C4206F1795335436B /* Pods_How_Are_You_.framework in Frameworks */ = {isa = PBXBuildFile; fileRef = 5077CCD60699472D04853626 /* Pods_How_Are_You_.framework */; };
/* End PBXBuildFile section */

/* Begin PBXFileReference section */
		11183D1E224AC3C200C7B4AC /* UILabel+Convenience.swift */ = {isa = PBXFileReference; lastKnownFileType = sourcecode.swift; path = "UILabel+Convenience.swift"; sourceTree = "<group>"; };
		112120B6220C844D006347AB /* Survey.swift */ = {isa = PBXFileReference; lastKnownFileType = sourcecode.swift; path = Survey.swift; sourceTree = "<group>"; };
		112120BA220C8CEC006347AB /* SurveyTableViewFooter.swift */ = {isa = PBXFileReference; lastKnownFileType = sourcecode.swift; path = SurveyTableViewFooter.swift; sourceTree = "<group>"; };
		112120BC220C8CFD006347AB /* SurveyTableViewFooter.xib */ = {isa = PBXFileReference; lastKnownFileType = file.xib; path = SurveyTableViewFooter.xib; sourceTree = "<group>"; };
		114A248921F7C92B00731F60 /* How Are You?.app */ = {isa = PBXFileReference; explicitFileType = wrapper.application; includeInIndex = 0; path = "How Are You?.app"; sourceTree = BUILT_PRODUCTS_DIR; };
		114A248C21F7C92B00731F60 /* AppDelegate.swift */ = {isa = PBXFileReference; lastKnownFileType = sourcecode.swift; path = AppDelegate.swift; sourceTree = "<group>"; };
		114A248E21F7C92B00731F60 /* ViewController.swift */ = {isa = PBXFileReference; lastKnownFileType = sourcecode.swift; path = ViewController.swift; sourceTree = "<group>"; };
		114A249121F7C92B00731F60 /* Base */ = {isa = PBXFileReference; lastKnownFileType = file.storyboard; name = Base; path = Base.lproj/Main.storyboard; sourceTree = "<group>"; };
		114A249421F7C92B00731F60 /* How_Are_You_.xcdatamodel */ = {isa = PBXFileReference; lastKnownFileType = wrapper.xcdatamodel; path = How_Are_You_.xcdatamodel; sourceTree = "<group>"; };
		114A249621F7C92B00731F60 /* Assets.xcassets */ = {isa = PBXFileReference; lastKnownFileType = folder.assetcatalog; path = Assets.xcassets; sourceTree = "<group>"; };
		114A249921F7C92B00731F60 /* Base */ = {isa = PBXFileReference; lastKnownFileType = file.storyboard; name = Base; path = Base.lproj/LaunchScreen.storyboard; sourceTree = "<group>"; };
		114A249B21F7C92B00731F60 /* Info.plist */ = {isa = PBXFileReference; lastKnownFileType = text.plist.xml; path = Info.plist; sourceTree = "<group>"; };
		114A24A821FCFEDC00731F60 /* Security.storyboard */ = {isa = PBXFileReference; lastKnownFileType = file.storyboard; path = Security.storyboard; sourceTree = "<group>"; };
		11736C9E221B86C7006C04D6 /* UIViewController+Convenience.swift */ = {isa = PBXFileReference; lastKnownFileType = sourcecode.swift; path = "UIViewController+Convenience.swift"; sourceTree = "<group>"; };
		11993C6C224160D30063EF31 /* GraphPointMarkerView.swift */ = {isa = PBXFileReference; lastKnownFileType = sourcecode.swift; path = GraphPointMarkerView.swift; sourceTree = "<group>"; };
		11993C6E224163BE0063EF31 /* GraphValueFormatter.swift */ = {isa = PBXFileReference; lastKnownFileType = sourcecode.swift; path = GraphValueFormatter.swift; sourceTree = "<group>"; };
		11993C71224182600063EF31 /* GraphPointMarkerView.xib */ = {isa = PBXFileReference; lastKnownFileType = file.xib; path = GraphPointMarkerView.xib; sourceTree = "<group>"; };
		11993C73224189530063EF31 /* CustomGraphDataPoint.swift */ = {isa = PBXFileReference; lastKnownFileType = sourcecode.swift; path = CustomGraphDataPoint.swift; sourceTree = "<group>"; };
		1199D6DA21FD61CE00F716D7 /* UIView+Convenience.swift */ = {isa = PBXFileReference; lastKnownFileType = sourcecode.swift; path = "UIView+Convenience.swift"; sourceTree = "<group>"; };
		1199D6DC21FD625400F716D7 /* Constants.swift */ = {isa = PBXFileReference; lastKnownFileType = sourcecode.swift; path = Constants.swift; sourceTree = "<group>"; };
		1199D6DE21FD71EB00F716D7 /* HAYTabBarController.swift */ = {isa = PBXFileReference; lastKnownFileType = sourcecode.swift; path = HAYTabBarController.swift; sourceTree = "<group>"; };
		1199D6E021FD725400F716D7 /* GraphViewController.swift */ = {isa = PBXFileReference; lastKnownFileType = sourcecode.swift; path = GraphViewController.swift; sourceTree = "<group>"; };
		1199D6E221FD726000F716D7 /* MoreResourcesViewController.swift */ = {isa = PBXFileReference; lastKnownFileType = sourcecode.swift; path = MoreResourcesViewController.swift; sourceTree = "<group>"; };
		1199D6E421FD726A00F716D7 /* SurveyViewController.swift */ = {isa = PBXFileReference; lastKnownFileType = sourcecode.swift; path = SurveyViewController.swift; sourceTree = "<group>"; };
		1199D6EA220108A400F716D7 /* SurveyTableViewCell.swift */ = {isa = PBXFileReference; lastKnownFileType = sourcecode.swift; path = SurveyTableViewCell.swift; sourceTree = "<group>"; };
		1199D6EB220108A400F716D7 /* SurveyTableViewCell.xib */ = {isa = PBXFileReference; lastKnownFileType = file.xib; path = SurveyTableViewCell.xib; sourceTree = "<group>"; };
		11CB26F6222FAAD400093625 /* FrontendGraphDataPoint.swift */ = {isa = PBXFileReference; lastKnownFileType = sourcecode.swift; path = FrontendGraphDataPoint.swift; sourceTree = "<group>"; };
		11D94AED21FD5E47005CB508 /* DisclaimerViewController.swift */ = {isa = PBXFileReference; lastKnownFileType = sourcecode.swift; path = DisclaimerViewController.swift; sourceTree = "<group>"; };
		320925DA288D23BA0E01A88D /* Pods-How Are You?.release.xcconfig */ = {isa = PBXFileReference; includeInIndex = 1; lastKnownFileType = text.xcconfig; name = "Pods-How Are You?.release.xcconfig"; path = "Target Support Files/Pods-How Are You?/Pods-How Are You?.release.xcconfig"; sourceTree = "<group>"; };
		5077CCD60699472D04853626 /* Pods_How_Are_You_.framework */ = {isa = PBXFileReference; explicitFileType = wrapper.framework; includeInIndex = 0; path = Pods_How_Are_You_.framework; sourceTree = BUILT_PRODUCTS_DIR; };
		9BE7F172C809DBA80FD9B70D /* Pods-How Are You?.debug.xcconfig */ = {isa = PBXFileReference; includeInIndex = 1; lastKnownFileType = text.xcconfig; name = "Pods-How Are You?.debug.xcconfig"; path = "Target Support Files/Pods-How Are You?/Pods-How Are You?.debug.xcconfig"; sourceTree = "<group>"; };
/* End PBXFileReference section */

/* Begin PBXFrameworksBuildPhase section */
		114A248621F7C92B00731F60 /* Frameworks */ = {
			isa = PBXFrameworksBuildPhase;
			buildActionMask = 2147483647;
			files = (
				1D2A065C4206F1795335436B /* Pods_How_Are_You_.framework in Frameworks */,
			);
			runOnlyForDeploymentPostprocessing = 0;
		};
/* End PBXFrameworksBuildPhase section */

/* Begin PBXGroup section */
		112120B9220C8C39006347AB /* SurveyTableViewFooter */ = {
			isa = PBXGroup;
			children = (
				112120BA220C8CEC006347AB /* SurveyTableViewFooter.swift */,
				112120BC220C8CFD006347AB /* SurveyTableViewFooter.xib */,
			);
			path = SurveyTableViewFooter;
			sourceTree = "<group>";
		};
		114A248021F7C92B00731F60 = {
			isa = PBXGroup;
			children = (
				114A248B21F7C92B00731F60 /* How Are You? */,
				114A248A21F7C92B00731F60 /* Products */,
				FF5EFC22C3F0A70232F772AE /* Pods */,
				810664C92D0B30CDDE8291BA /* Frameworks */,
			);
			sourceTree = "<group>";
		};
		114A248A21F7C92B00731F60 /* Products */ = {
			isa = PBXGroup;
			children = (
				114A248921F7C92B00731F60 /* How Are You?.app */,
			);
			name = Products;
			sourceTree = "<group>";
		};
		114A248B21F7C92B00731F60 /* How Are You? */ = {
			isa = PBXGroup;
			children = (
				114A24A321F7C94D00731F60 /* Controller */,
				114A24A221F7C94600731F60 /* View */,
				114A24A121F7C93900731F60 /* Model */,
				114A248C21F7C92B00731F60 /* AppDelegate.swift */,
				114A248E21F7C92B00731F60 /* ViewController.swift */,
				114A249021F7C92B00731F60 /* Main.storyboard */,
				114A24A821FCFEDC00731F60 /* Security.storyboard */,
				114A249621F7C92B00731F60 /* Assets.xcassets */,
				114A249821F7C92B00731F60 /* LaunchScreen.storyboard */,
				114A249B21F7C92B00731F60 /* Info.plist */,
				114A249321F7C92B00731F60 /* How_Are_You_.xcdatamodeld */,
			);
			path = "How Are You?";
			sourceTree = "<group>";
		};
		114A24A121F7C93900731F60 /* Model */ = {
			isa = PBXGroup;
			children = (
				1199D6DC21FD625400F716D7 /* Constants.swift */,
				112120B6220C844D006347AB /* Survey.swift */,
			);
			path = Model;
			sourceTree = "<group>";
		};
		114A24A221F7C94600731F60 /* View */ = {
			isa = PBXGroup;
			children = (
				1199D6DA21FD61CE00F716D7 /* UIView+Convenience.swift */,
				11183D1E224AC3C200C7B4AC /* UILabel+Convenience.swift */,
				11736C9E221B86C7006C04D6 /* UIViewController+Convenience.swift */,
				112120B9220C8C39006347AB /* SurveyTableViewFooter */,
				1199D6EE220108B400F716D7 /* SurveyTableViewCell */,
				11CB26F8222FAC2D00093625 /* GraphDataViewController */,
				1199D6E221FD726000F716D7 /* MoreResourcesViewController.swift */,
				1199D6E421FD726A00F716D7 /* SurveyViewController.swift */,
			);
			path = View;
			sourceTree = "<group>";
		};
		114A24A321F7C94D00731F60 /* Controller */ = {
			isa = PBXGroup;
			children = (
				11D94AED21FD5E47005CB508 /* DisclaimerViewController.swift */,
				1199D6DE21FD71EB00F716D7 /* HAYTabBarController.swift */,
			);
			path = Controller;
			sourceTree = "<group>";
		};
		11993C70224182420063EF31 /* GraphPointMarkerView */ = {
			isa = PBXGroup;
			children = (
				11993C6C224160D30063EF31 /* GraphPointMarkerView.swift */,
				11993C71224182600063EF31 /* GraphPointMarkerView.xib */,
			);
			path = GraphPointMarkerView;
			sourceTree = "<group>";
		};
		1199D6EE220108B400F716D7 /* SurveyTableViewCell */ = {
			isa = PBXGroup;
			children = (
				1199D6EA220108A400F716D7 /* SurveyTableViewCell.swift */,
				1199D6EB220108A400F716D7 /* SurveyTableViewCell.xib */,
			);
			path = SurveyTableViewCell;
			sourceTree = "<group>";
		};
		11CB26F8222FAC2D00093625 /* GraphDataViewController */ = {
			isa = PBXGroup;
			children = (
				11CB26F6222FAAD400093625 /* FrontendGraphDataPoint.swift */,
				11993C73224189530063EF31 /* CustomGraphDataPoint.swift */,
				1199D6E021FD725400F716D7 /* GraphViewController.swift */,
				11993C70224182420063EF31 /* GraphPointMarkerView */,
				11993C6E224163BE0063EF31 /* GraphValueFormatter.swift */,
			);
			path = GraphDataViewController;
			sourceTree = "<group>";
		};
		810664C92D0B30CDDE8291BA /* Frameworks */ = {
			isa = PBXGroup;
			children = (
				5077CCD60699472D04853626 /* Pods_How_Are_You_.framework */,
			);
			name = Frameworks;
			sourceTree = "<group>";
		};
		FF5EFC22C3F0A70232F772AE /* Pods */ = {
			isa = PBXGroup;
			children = (
				9BE7F172C809DBA80FD9B70D /* Pods-How Are You?.debug.xcconfig */,
				320925DA288D23BA0E01A88D /* Pods-How Are You?.release.xcconfig */,
			);
			path = Pods;
			sourceTree = "<group>";
		};
/* End PBXGroup section */

/* Begin PBXNativeTarget section */
		114A248821F7C92B00731F60 /* How Are You? */ = {
			isa = PBXNativeTarget;
			buildConfigurationList = 114A249E21F7C92B00731F60 /* Build configuration list for PBXNativeTarget "How Are You?" */;
			buildPhases = (
				D348A0F2D24464F3A6C72AF2 /* [CP] Check Pods Manifest.lock */,
				114A248521F7C92B00731F60 /* Sources */,
				114A248621F7C92B00731F60 /* Frameworks */,
				114A248721F7C92B00731F60 /* Resources */,
				6665542B19E1420A5BF11B51 /* [CP] Embed Pods Frameworks */,
			);
			buildRules = (
			);
			dependencies = (
			);
			name = "How Are You?";
			productName = "How Are You?";
			productReference = 114A248921F7C92B00731F60 /* How Are You?.app */;
			productType = "com.apple.product-type.application";
		};
/* End PBXNativeTarget section */

/* Begin PBXProject section */
		114A248121F7C92B00731F60 /* Project object */ = {
			isa = PBXProject;
			attributes = {
				KnownAssetTags = (
					SurveyTableViewCell,
				);
				LastSwiftUpdateCheck = 1010;
				LastUpgradeCheck = 1010;
				ORGANIZATIONNAME = "RCOS-HowAreYou";
				TargetAttributes = {
					114A248821F7C92B00731F60 = {
						CreatedOnToolsVersion = 10.1;
					};
				};
			};
			buildConfigurationList = 114A248421F7C92B00731F60 /* Build configuration list for PBXProject "How Are You?" */;
			compatibilityVersion = "Xcode 9.3";
			developmentRegion = en;
			hasScannedForEncodings = 0;
			knownRegions = (
				en,
				Base,
			);
			mainGroup = 114A248021F7C92B00731F60;
			productRefGroup = 114A248A21F7C92B00731F60 /* Products */;
			projectDirPath = "";
			projectRoot = "";
			targets = (
				114A248821F7C92B00731F60 /* How Are You? */,
			);
		};
/* End PBXProject section */

/* Begin PBXResourcesBuildPhase section */
		114A248721F7C92B00731F60 /* Resources */ = {
			isa = PBXResourcesBuildPhase;
			buildActionMask = 2147483647;
			files = (
				11993C72224182600063EF31 /* GraphPointMarkerView.xib in Resources */,
				112120BD220C8CFD006347AB /* SurveyTableViewFooter.xib in Resources */,
				1199D6ED220108A400F716D7 /* SurveyTableViewCell.xib in Resources */,
				114A249A21F7C92B00731F60 /* LaunchScreen.storyboard in Resources */,
				114A249721F7C92B00731F60 /* Assets.xcassets in Resources */,
				114A24A921FCFEDC00731F60 /* Security.storyboard in Resources */,
				114A249221F7C92B00731F60 /* Main.storyboard in Resources */,
			);
			runOnlyForDeploymentPostprocessing = 0;
		};
/* End PBXResourcesBuildPhase section */

/* Begin PBXShellScriptBuildPhase section */
		6665542B19E1420A5BF11B51 /* [CP] Embed Pods Frameworks */ = {
			isa = PBXShellScriptBuildPhase;
			buildActionMask = 2147483647;
			files = (
			);
			inputFileListPaths = (
			);
			inputPaths = (
				"${PODS_ROOT}/Target Support Files/Pods-How Are You?/Pods-How Are You?-frameworks.sh",
				"${BUILT_PRODUCTS_DIR}/Charts/Charts.framework",
			);
			name = "[CP] Embed Pods Frameworks";
			outputFileListPaths = (
			);
			outputPaths = (
				"${TARGET_BUILD_DIR}/${FRAMEWORKS_FOLDER_PATH}/Charts.framework",
			);
			runOnlyForDeploymentPostprocessing = 0;
			shellPath = /bin/sh;
			shellScript = "\"${PODS_ROOT}/Target Support Files/Pods-How Are You?/Pods-How Are You?-frameworks.sh\"\n";
			showEnvVarsInLog = 0;
		};
		D348A0F2D24464F3A6C72AF2 /* [CP] Check Pods Manifest.lock */ = {
			isa = PBXShellScriptBuildPhase;
			buildActionMask = 2147483647;
			files = (
			);
			inputFileListPaths = (
			);
			inputPaths = (
				"${PODS_PODFILE_DIR_PATH}/Podfile.lock",
				"${PODS_ROOT}/Manifest.lock",
			);
			name = "[CP] Check Pods Manifest.lock";
			outputFileListPaths = (
			);
			outputPaths = (
				"$(DERIVED_FILE_DIR)/Pods-How Are You?-checkManifestLockResult.txt",
			);
			runOnlyForDeploymentPostprocessing = 0;
			shellPath = /bin/sh;
			shellScript = "diff \"${PODS_PODFILE_DIR_PATH}/Podfile.lock\" \"${PODS_ROOT}/Manifest.lock\" > /dev/null\nif [ $? != 0 ] ; then\n    # print error to STDERR\n    echo \"error: The sandbox is not in sync with the Podfile.lock. Run 'pod install' or update your CocoaPods installation.\" >&2\n    exit 1\nfi\n# This output is used by Xcode 'outputs' to avoid re-running this script phase.\necho \"SUCCESS\" > \"${SCRIPT_OUTPUT_FILE_0}\"\n";
			showEnvVarsInLog = 0;
		};
/* End PBXShellScriptBuildPhase section */

/* Begin PBXSourcesBuildPhase section */
		114A248521F7C92B00731F60 /* Sources */ = {
			isa = PBXSourcesBuildPhase;
			buildActionMask = 2147483647;
			files = (
				11736C9F221B86C7006C04D6 /* UIViewController+Convenience.swift in Sources */,
				112120BB220C8CEC006347AB /* SurveyTableViewFooter.swift in Sources */,
				114A248F21F7C92B00731F60 /* ViewController.swift in Sources */,
				1199D6EC220108A400F716D7 /* SurveyTableViewCell.swift in Sources */,
				11D94AEE21FD5E47005CB508 /* DisclaimerViewController.swift in Sources */,
				11993C6F224163BE0063EF31 /* GraphValueFormatter.swift in Sources */,
				11183D1F224AC3C200C7B4AC /* UILabel+Convenience.swift in Sources */,
				1199D6DF21FD71EB00F716D7 /* HAYTabBarController.swift in Sources */,
				114A248D21F7C92B00731F60 /* AppDelegate.swift in Sources */,
				1199D6E521FD726A00F716D7 /* SurveyViewController.swift in Sources */,
				114A249521F7C92B00731F60 /* How_Are_You_.xcdatamodeld in Sources */,
				11993C74224189540063EF31 /* CustomGraphDataPoint.swift in Sources */,
				1199D6E121FD725400F716D7 /* GraphViewController.swift in Sources */,
				1199D6DB21FD61CE00F716D7 /* UIView+Convenience.swift in Sources */,
				11CB26F7222FAAD400093625 /* FrontendGraphDataPoint.swift in Sources */,
				112120B7220C844D006347AB /* Survey.swift in Sources */,
				1199D6DD21FD625400F716D7 /* Constants.swift in Sources */,
				11993C6D224160D30063EF31 /* GraphPointMarkerView.swift in Sources */,
				1199D6E321FD726000F716D7 /* MoreResourcesViewController.swift in Sources */,
			);
			runOnlyForDeploymentPostprocessing = 0;
		};
/* End PBXSourcesBuildPhase section */

/* Begin PBXVariantGroup section */
		114A249021F7C92B00731F60 /* Main.storyboard */ = {
			isa = PBXVariantGroup;
			children = (
				114A249121F7C92B00731F60 /* Base */,
			);
			name = Main.storyboard;
			sourceTree = "<group>";
		};
		114A249821F7C92B00731F60 /* LaunchScreen.storyboard */ = {
			isa = PBXVariantGroup;
			children = (
				114A249921F7C92B00731F60 /* Base */,
			);
			name = LaunchScreen.storyboard;
			sourceTree = "<group>";
		};
/* End PBXVariantGroup section */

/* Begin XCBuildConfiguration section */
		114A249C21F7C92B00731F60 /* Debug */ = {
			isa = XCBuildConfiguration;
			buildSettings = {
				ALWAYS_SEARCH_USER_PATHS = NO;
				CLANG_ANALYZER_NONNULL = YES;
				CLANG_ANALYZER_NUMBER_OBJECT_CONVERSION = YES_AGGRESSIVE;
				CLANG_CXX_LANGUAGE_STANDARD = "gnu++14";
				CLANG_CXX_LIBRARY = "libc++";
				CLANG_ENABLE_MODULES = YES;
				CLANG_ENABLE_OBJC_ARC = YES;
				CLANG_ENABLE_OBJC_WEAK = YES;
				CLANG_WARN_BLOCK_CAPTURE_AUTORELEASING = YES;
				CLANG_WARN_BOOL_CONVERSION = YES;
				CLANG_WARN_COMMA = YES;
				CLANG_WARN_CONSTANT_CONVERSION = YES;
				CLANG_WARN_DEPRECATED_OBJC_IMPLEMENTATIONS = YES;
				CLANG_WARN_DIRECT_OBJC_ISA_USAGE = YES_ERROR;
				CLANG_WARN_DOCUMENTATION_COMMENTS = YES;
				CLANG_WARN_EMPTY_BODY = YES;
				CLANG_WARN_ENUM_CONVERSION = YES;
				CLANG_WARN_INFINITE_RECURSION = YES;
				CLANG_WARN_INT_CONVERSION = YES;
				CLANG_WARN_NON_LITERAL_NULL_CONVERSION = YES;
				CLANG_WARN_OBJC_IMPLICIT_RETAIN_SELF = YES;
				CLANG_WARN_OBJC_LITERAL_CONVERSION = YES;
				CLANG_WARN_OBJC_ROOT_CLASS = YES_ERROR;
				CLANG_WARN_RANGE_LOOP_ANALYSIS = YES;
				CLANG_WARN_STRICT_PROTOTYPES = YES;
				CLANG_WARN_SUSPICIOUS_MOVE = YES;
				CLANG_WARN_UNGUARDED_AVAILABILITY = YES_AGGRESSIVE;
				CLANG_WARN_UNREACHABLE_CODE = YES;
				CLANG_WARN__DUPLICATE_METHOD_MATCH = YES;
				CODE_SIGN_IDENTITY = "iPhone Developer";
				COPY_PHASE_STRIP = NO;
				DEBUG_INFORMATION_FORMAT = dwarf;
				ENABLE_STRICT_OBJC_MSGSEND = YES;
				ENABLE_TESTABILITY = YES;
				GCC_C_LANGUAGE_STANDARD = gnu11;
				GCC_DYNAMIC_NO_PIC = NO;
				GCC_NO_COMMON_BLOCKS = YES;
				GCC_OPTIMIZATION_LEVEL = 0;
				GCC_PREPROCESSOR_DEFINITIONS = (
					"DEBUG=1",
					"$(inherited)",
				);
				GCC_WARN_64_TO_32_BIT_CONVERSION = YES;
				GCC_WARN_ABOUT_RETURN_TYPE = YES_ERROR;
				GCC_WARN_UNDECLARED_SELECTOR = YES;
				GCC_WARN_UNINITIALIZED_AUTOS = YES_AGGRESSIVE;
				GCC_WARN_UNUSED_FUNCTION = YES;
				GCC_WARN_UNUSED_VARIABLE = YES;
				IPHONEOS_DEPLOYMENT_TARGET = 12.1;
				MTL_ENABLE_DEBUG_INFO = INCLUDE_SOURCE;
				MTL_FAST_MATH = YES;
				ONLY_ACTIVE_ARCH = YES;
				SDKROOT = iphoneos;
				SWIFT_ACTIVE_COMPILATION_CONDITIONS = DEBUG;
				SWIFT_OPTIMIZATION_LEVEL = "-Onone";
			};
			name = Debug;
		};
		114A249D21F7C92B00731F60 /* Release */ = {
			isa = XCBuildConfiguration;
			buildSettings = {
				ALWAYS_SEARCH_USER_PATHS = NO;
				CLANG_ANALYZER_NONNULL = YES;
				CLANG_ANALYZER_NUMBER_OBJECT_CONVERSION = YES_AGGRESSIVE;
				CLANG_CXX_LANGUAGE_STANDARD = "gnu++14";
				CLANG_CXX_LIBRARY = "libc++";
				CLANG_ENABLE_MODULES = YES;
				CLANG_ENABLE_OBJC_ARC = YES;
				CLANG_ENABLE_OBJC_WEAK = YES;
				CLANG_WARN_BLOCK_CAPTURE_AUTORELEASING = YES;
				CLANG_WARN_BOOL_CONVERSION = YES;
				CLANG_WARN_COMMA = YES;
				CLANG_WARN_CONSTANT_CONVERSION = YES;
				CLANG_WARN_DEPRECATED_OBJC_IMPLEMENTATIONS = YES;
				CLANG_WARN_DIRECT_OBJC_ISA_USAGE = YES_ERROR;
				CLANG_WARN_DOCUMENTATION_COMMENTS = YES;
				CLANG_WARN_EMPTY_BODY = YES;
				CLANG_WARN_ENUM_CONVERSION = YES;
				CLANG_WARN_INFINITE_RECURSION = YES;
				CLANG_WARN_INT_CONVERSION = YES;
				CLANG_WARN_NON_LITERAL_NULL_CONVERSION = YES;
				CLANG_WARN_OBJC_IMPLICIT_RETAIN_SELF = YES;
				CLANG_WARN_OBJC_LITERAL_CONVERSION = YES;
				CLANG_WARN_OBJC_ROOT_CLASS = YES_ERROR;
				CLANG_WARN_RANGE_LOOP_ANALYSIS = YES;
				CLANG_WARN_STRICT_PROTOTYPES = YES;
				CLANG_WARN_SUSPICIOUS_MOVE = YES;
				CLANG_WARN_UNGUARDED_AVAILABILITY = YES_AGGRESSIVE;
				CLANG_WARN_UNREACHABLE_CODE = YES;
				CLANG_WARN__DUPLICATE_METHOD_MATCH = YES;
				CODE_SIGN_IDENTITY = "iPhone Developer";
				COPY_PHASE_STRIP = NO;
				DEBUG_INFORMATION_FORMAT = "dwarf-with-dsym";
				ENABLE_NS_ASSERTIONS = NO;
				ENABLE_STRICT_OBJC_MSGSEND = YES;
				GCC_C_LANGUAGE_STANDARD = gnu11;
				GCC_NO_COMMON_BLOCKS = YES;
				GCC_WARN_64_TO_32_BIT_CONVERSION = YES;
				GCC_WARN_ABOUT_RETURN_TYPE = YES_ERROR;
				GCC_WARN_UNDECLARED_SELECTOR = YES;
				GCC_WARN_UNINITIALIZED_AUTOS = YES_AGGRESSIVE;
				GCC_WARN_UNUSED_FUNCTION = YES;
				GCC_WARN_UNUSED_VARIABLE = YES;
				IPHONEOS_DEPLOYMENT_TARGET = 12.1;
				MTL_ENABLE_DEBUG_INFO = NO;
				MTL_FAST_MATH = YES;
				SDKROOT = iphoneos;
				SWIFT_COMPILATION_MODE = wholemodule;
				SWIFT_OPTIMIZATION_LEVEL = "-O";
				VALIDATE_PRODUCT = YES;
			};
			name = Release;
		};
		114A249F21F7C92B00731F60 /* Debug */ = {
			isa = XCBuildConfiguration;
			baseConfigurationReference = 9BE7F172C809DBA80FD9B70D /* Pods-How Are You?.debug.xcconfig */;
			buildSettings = {
				ASSETCATALOG_COMPILER_APPICON_NAME = AppIcon;
				CODE_SIGN_STYLE = Automatic;
				INFOPLIST_FILE = "How Are You?/Info.plist";
				LD_RUNPATH_SEARCH_PATHS = (
					"$(inherited)",
					"@executable_path/Frameworks",
				);
				PRODUCT_BUNDLE_IDENTIFIER = "rcos.How-Are-You-";
				PRODUCT_NAME = "$(TARGET_NAME)";
				SWIFT_VERSION = 4.2;
				TARGETED_DEVICE_FAMILY = "1,2";
			};
			name = Debug;
		};
		114A24A021F7C92B00731F60 /* Release */ = {
			isa = XCBuildConfiguration;
			baseConfigurationReference = 320925DA288D23BA0E01A88D /* Pods-How Are You?.release.xcconfig */;
			buildSettings = {
				ASSETCATALOG_COMPILER_APPICON_NAME = AppIcon;
				CODE_SIGN_STYLE = Automatic;
				INFOPLIST_FILE = "How Are You?/Info.plist";
				LD_RUNPATH_SEARCH_PATHS = (
					"$(inherited)",
					"@executable_path/Frameworks",
				);
				PRODUCT_BUNDLE_IDENTIFIER = "rcos.How-Are-You-";
				PRODUCT_NAME = "$(TARGET_NAME)";
				SWIFT_VERSION = 4.2;
				TARGETED_DEVICE_FAMILY = "1,2";
			};
			name = Release;
		};
/* End XCBuildConfiguration section */

/* Begin XCConfigurationList section */
		114A248421F7C92B00731F60 /* Build configuration list for PBXProject "How Are You?" */ = {
			isa = XCConfigurationList;
			buildConfigurations = (
				114A249C21F7C92B00731F60 /* Debug */,
				114A249D21F7C92B00731F60 /* Release */,
			);
			defaultConfigurationIsVisible = 0;
			defaultConfigurationName = Release;
		};
		114A249E21F7C92B00731F60 /* Build configuration list for PBXNativeTarget "How Are You?" */ = {
			isa = XCConfigurationList;
			buildConfigurations = (
				114A249F21F7C92B00731F60 /* Debug */,
				114A24A021F7C92B00731F60 /* Release */,
			);
			defaultConfigurationIsVisible = 0;
			defaultConfigurationName = Release;
		};
/* End XCConfigurationList section */

/* Begin XCVersionGroup section */
		114A249321F7C92B00731F60 /* How_Are_You_.xcdatamodeld */ = {
			isa = XCVersionGroup;
			children = (
				114A249421F7C92B00731F60 /* How_Are_You_.xcdatamodel */,
			);
			currentVersion = 114A249421F7C92B00731F60 /* How_Are_You_.xcdatamodel */;
			path = How_Are_You_.xcdatamodeld;
			sourceTree = "<group>";
			versionGroupType = wrapper.xcdatamodel;
		};
/* End XCVersionGroup section */
	};
	rootObject = 114A248121F7C92B00731F60 /* Project object */;
}
